<?xml version="1.0" encoding="utf-8"?>
<Project ToolsVersion="4.0" xmlns="http://schemas.microsoft.com/developer/msbuild/2003">
  <ItemGroup>
    <Filter Include="Source Files">
      <UniqueIdentifier>{4FC737F1-C7A5-4376-A066-2A32D752A2FF}</UniqueIdentifier>
      <Extensions>cpp;c;cc;cxx;c++;cppm;ixx;def;odl;idl;hpj;bat;asm;asmx</Extensions>
    </Filter>
    <Filter Include="Header Files">
      <UniqueIdentifier>{93995380-89BD-4b04-88EB-625FBE52EBFB}</UniqueIdentifier>
      <Extensions>h;hh;hpp;hxx;h++;hm;inl;inc;ipp;xsd</Extensions>
    </Filter>
    <Filter Include="Resource Files">
      <UniqueIdentifier>{67DA6AB6-F800-4c08-8B7A-83BB121AAD01}</UniqueIdentifier>
      <Extensions>rc;ico;cur;bmp;dlg;rc2;rct;bin;rgs;gif;jpg;jpeg;jpe;resx;tiff;tif;png;wav;mfcribbon-ms</Extensions>
    </Filter>
  </ItemGroup>
  <ItemGroup>
    <ClCompile Include="src\Main.cpp">
      <Filter>Source Files</Filter>
    </ClCompile>
    <ClCompile Include="src\CPU\Instructions\R-type\R-Instructions.cpp">
      <Filter>Source Files</Filter>
    </ClCompile>
    <ClCompile Include="src\CPU\Instructions\I-type\I-Instructions.cpp">
      <Filter>Source Files</Filter>
    </ClCompile>
    <ClCompile Include="src\CPU\Instructions\S-type\S-Instructions.cpp">
      <Filter>Source Files</Filter>
    </ClCompile>
    <ClCompile Include="Testing\TestingCPU.cpp">
      <Filter>Source Files</Filter>
    </ClCompile>
    <ClCompile Include="src\Memory\Memory.cpp">
      <Filter>Source Files</Filter>
    </ClCompile>
    <ClCompile Include="src\CPU\CPU.cpp">
      <Filter>Source Files</Filter>
    </ClCompile>
    <ClCompile Include="src\CPU\Instructions\B,U,J-type\B,U,J-instructions.cpp">
      <Filter>Source Files</Filter>
    </ClCompile>
    <ClCompile Include="src\assembler\Assembler.cpp">
      <Filter>Source Files</Filter>
    </ClCompile>
    <ClCompile Include="Testing\TestingInstructions.cpp">
      <Filter>Source Files</Filter>
    </ClCompile>
    <ClCompile Include="Testing\TestingAssembler.cpp">
      <Filter>Source Files</Filter>
    </ClCompile>
    <ClCompile Include="src\Elf_loader\Loader.cpp">
      <Filter>Source Files</Filter>
    </ClCompile>
    <ClCompile Include="src\debugger\Debugger.cpp">
      <Filter>Source Files</Filter>
    </ClCompile>
    <ClCompile Include="src\CPU\CSR.cpp">
      <Filter>Source Files</Filter>
    </ClCompile>
  </ItemGroup>
  <ItemGroup>
    <ClInclude Include="src\Instructions\Instructions.h">
      <Filter>Header Files</Filter>
    </ClInclude>
    <ClInclude Include="src\Memory\Memory.h">
      <Filter>Header Files</Filter>
    </ClInclude>
    <ClInclude Include="src\CPU\Instructions\R-type\R-Instructions.h">
      <Filter>Header Files</Filter>
    </ClInclude>
    <ClInclude Include="src\CPU\Instructions\I-type\I-Instructions.h">
      <Filter>Header Files</Filter>
    </ClInclude>
    <ClInclude Include="src\CPU\Instructions\S-type\S-Instructions.h">
      <Filter>Header Files</Filter>
    </ClInclude>
    <ClInclude Include="Testing\Testing.h">
      <Filter>Header Files</Filter>
    </ClInclude>
    <ClInclude Include="src\CPU\CPU.h">
      <Filter>Header Files</Filter>
    </ClInclude>
    <ClInclude Include="src\CPU\Instructions\B,U,J-type\B,J,U-instructions.h">
      <Filter>Header Files</Filter>
    </ClInclude>
    <ClInclude Include="src\assembler\Assembler.h">
      <Filter>Header Files</Filter>
    </ClInclude>
    <ClInclude Include="src\Elf_loader\Loader.h">
      <Filter>Header Files</Filter>
    </ClInclude>
    <ClInclude Include="src\debugger\Debugger.h">
      <Filter>Header Files</Filter>
    </ClInclude>
    <ClInclude Include="src\CPU\CSR.h">
      <Filter>Header Files</Filter>
    </ClInclude>
    <ClInclude Include="src\CPU\Trap.h">
      <Filter>Header Files</Filter>
    </ClInclude>
  </ItemGroup>
</Project>